
Microsoft Visual Studio Solution File, Format Version 12.00
# Visual Studio Version 17
VisualStudioVersion = 17.11.35327.3
MinimumVisualStudioVersion = 10.0.40219.1
Project("{9A19103F-16F7-4668-BE54-9A1E7A4F7556}") = "Claimed", "Claimed.csproj", "{AF93F462-5259-4CD3-A7CB-6EDE0E9B33E6}"
EndProject
Global
	GlobalSection(SolutionConfigurationPlatforms) = preSolution
		Debug|Any CPU = Debug|Any CPU
		Release|Any CPU = Release|Any CPU
	EndGlobalSection
	GlobalSection(ProjectConfigurationPlatforms) = postSolution
		{AF93F462-5259-4CD3-A7CB-6EDE0E9B33E6}.Debug|Any CPU.ActiveCfg = Debug|Any CPU
		{AF93F462-5259-4CD3-A7CB-6EDE0E9B33E6}.Debug|Any CPU.Build.0 = Debug|Any CPU
		{AF93F462-5259-4CD3-A7CB-6EDE0E9B33E6}.Release|Any CPU.ActiveCfg = Release|Any CPU
		{AF93F462-5259-4CD3-A7CB-6EDE0E9B33E6}.Release|Any CPU.Build.0 = Release|Any CPU
	EndGlobalSection
	GlobalSection(SolutionProperties) = preSolution
		HideSolutionNode = FALSE
	EndGlobalSection
	GlobalSection(ExtensibilityGlobals) = postSolution
		SolutionGuid = {EDF45324-D67C-451D-8BEA-3E0A9928B09F}
	EndGlobalSection
EndGlobal
